
Microsoft Visual Studio Solution File, Format Version 12.00
# Visual Studio 14
VisualStudioVersion = 14.0.25420.1
MinimumVisualStudioVersion = 10.0.40219.1
Project("{FAE04EC0-301F-11D3-BF4B-00C04F79EFBC}") = "Winform_Course", "Winform_Course\Winform_Course.csproj", "{BD8EB4EE-C8E3-4541-A019-DE375B237AAA}"
EndProject
Project("{FAE04EC0-301F-11D3-BF4B-00C04F79EFBC}") = "CodeContractSample", "CodeContractSample\CodeContractSample.csproj", "{354F9ABE-B81F-466E-9FDD-5C6B4D03FC7E}"
EndProject
Project("{FAE04EC0-301F-11D3-BF4B-00C04F79EFBC}") = "AsyncUI", "AsyncUI\AsyncUI.csproj", "{6633CF4C-9D48-4E57-AFF2-571DC25DB1E9}"
EndProject
Project("{FAE04EC0-301F-11D3-BF4B-00C04F79EFBC}") = "ThreadConsole", "ThreadConsole\ThreadConsole.csproj", "{2F8CB13E-3206-43A4-8D0E-A7EA7E0991FE}"
EndProject
Project("{FAE04EC0-301F-11D3-BF4B-00C04F79EFBC}") = "IOProject", "IOProject\IOProject.csproj", "{8663355C-49F7-46CD-BCA6-BB9B702DF0BB}"
EndProject
Global
	GlobalSection(SolutionConfigurationPlatforms) = preSolution
		Debug|Any CPU = Debug|Any CPU
		Release|Any CPU = Release|Any CPU
	EndGlobalSection
	GlobalSection(ProjectConfigurationPlatforms) = postSolution
		{BD8EB4EE-C8E3-4541-A019-DE375B237AAA}.Debug|Any CPU.ActiveCfg = Debug|Any CPU
		{BD8EB4EE-C8E3-4541-A019-DE375B237AAA}.Debug|Any CPU.Build.0 = Debug|Any CPU
		{BD8EB4EE-C8E3-4541-A019-DE375B237AAA}.Release|Any CPU.ActiveCfg = Release|Any CPU
		{BD8EB4EE-C8E3-4541-A019-DE375B237AAA}.Release|Any CPU.Build.0 = Release|Any CPU
		{354F9ABE-B81F-466E-9FDD-5C6B4D03FC7E}.Debug|Any CPU.ActiveCfg = Debug|Any CPU
		{354F9ABE-B81F-466E-9FDD-5C6B4D03FC7E}.Debug|Any CPU.Build.0 = Debug|Any CPU
		{354F9ABE-B81F-466E-9FDD-5C6B4D03FC7E}.Release|Any CPU.ActiveCfg = Release|Any CPU
		{354F9ABE-B81F-466E-9FDD-5C6B4D03FC7E}.Release|Any CPU.Build.0 = Release|Any CPU
		{6633CF4C-9D48-4E57-AFF2-571DC25DB1E9}.Debug|Any CPU.ActiveCfg = Debug|Any CPU
		{6633CF4C-9D48-4E57-AFF2-571DC25DB1E9}.Debug|Any CPU.Build.0 = Debug|Any CPU
		{6633CF4C-9D48-4E57-AFF2-571DC25DB1E9}.Release|Any CPU.ActiveCfg = Release|Any CPU
		{6633CF4C-9D48-4E57-AFF2-571DC25DB1E9}.Release|Any CPU.Build.0 = Release|Any CPU
		{2F8CB13E-3206-43A4-8D0E-A7EA7E0991FE}.Debug|Any CPU.ActiveCfg = Debug|Any CPU
		{2F8CB13E-3206-43A4-8D0E-A7EA7E0991FE}.Debug|Any CPU.Build.0 = Debug|Any CPU
		{2F8CB13E-3206-43A4-8D0E-A7EA7E0991FE}.Release|Any CPU.ActiveCfg = Release|Any CPU
		{2F8CB13E-3206-43A4-8D0E-A7EA7E0991FE}.Release|Any CPU.Build.0 = Release|Any CPU
		{8663355C-49F7-46CD-BCA6-BB9B702DF0BB}.Debug|Any CPU.ActiveCfg = Debug|Any CPU
		{8663355C-49F7-46CD-BCA6-BB9B702DF0BB}.Debug|Any CPU.Build.0 = Debug|Any CPU
		{8663355C-49F7-46CD-BCA6-BB9B702DF0BB}.Release|Any CPU.ActiveCfg = Release|Any CPU
		{8663355C-49F7-46CD-BCA6-BB9B702DF0BB}.Release|Any CPU.Build.0 = Release|Any CPU
	EndGlobalSection
	GlobalSection(SolutionProperties) = preSolution
		HideSolutionNode = FALSE
	EndGlobalSection
EndGlobal
