
Microsoft Visual Studio Solution File, Format Version 12.00
# Visual Studio 2013
VisualStudioVersion = 12.0.40629.0
MinimumVisualStudioVersion = 10.0.40219.1
Project("{FAE04EC0-301F-11D3-BF4B-00C04F79EFBC}") = "Winform_Course", "Winform_Course\Winform_Course.csproj", "{BD8EB4EE-C8E3-4541-A019-DE375B237AAA}"
EndProject
Project("{FAE04EC0-301F-11D3-BF4B-00C04F79EFBC}") = "CodeContractSample", "CodeContractSample\CodeContractSample.csproj", "{354F9ABE-B81F-466E-9FDD-5C6B4D03FC7E}"
EndProject
Project("{FAE04EC0-301F-11D3-BF4B-00C04F79EFBC}") = "AsyncUI", "AsyncUI\AsyncUI.csproj", "{6633CF4C-9D48-4E57-AFF2-571DC25DB1E9}"
EndProject
Project("{FAE04EC0-301F-11D3-BF4B-00C04F79EFBC}") = "ThreadConsole", "ThreadConsole\ThreadConsole.csproj", "{2F8CB13E-3206-43A4-8D0E-A7EA7E0991FE}"
EndProject
Project("{FAE04EC0-301F-11D3-BF4B-00C04F79EFBC}") = "IOProject", "IOProject\IOProject.csproj", "{8663355C-49F7-46CD-BCA6-BB9B702DF0BB}"
EndProject
Project("{FAE04EC0-301F-11D3-BF4B-00C04F79EFBC}") = "FileProperties", "FileProperties\FileProperties.csproj", "{1B8AD180-72DC-431B-9061-C0126FCA8418}"
EndProject
Project("{FAE04EC0-301F-11D3-BF4B-00C04F79EFBC}") = "NetConsole", "NetConsole\NetConsole.csproj", "{57296A1C-005F-4EED-8C56-95A14414071F}"
EndProject
Project("{FAE04EC0-301F-11D3-BF4B-00C04F79EFBC}") = "AsyncForm", "AsyncForm\AsyncForm.csproj", "{C4379EA0-3EA4-47D2-964A-C2C0A8E87D23}"
EndProject
Project("{FAE04EC0-301F-11D3-BF4B-00C04F79EFBC}") = "ReflectorDemo", "ReflectorDemo\ReflectorDemo.csproj", "{5B0568FB-300E-4D56-98B2-FBE8F6435155}"
EndProject
Project("{FAE04EC0-301F-11D3-BF4B-00C04F79EFBC}") = "LinqDemo", "LinqDemo\LinqDemo.csproj", "{31130BF4-E11C-4B39-82BD-0B0C8909ECB2}"
EndProject
Project("{FAE04EC0-301F-11D3-BF4B-00C04F79EFBC}") = "ObjectMemoryInAction", "ObjectMemoryInAction\ObjectMemoryInAction.csproj", "{8C5B7751-2364-4761-9125-DA479E44ACBC}"
EndProject
Global
	GlobalSection(SolutionConfigurationPlatforms) = preSolution
		Debug|Any CPU = Debug|Any CPU
		Release|Any CPU = Release|Any CPU
	EndGlobalSection
	GlobalSection(ProjectConfigurationPlatforms) = postSolution
		{BD8EB4EE-C8E3-4541-A019-DE375B237AAA}.Debug|Any CPU.ActiveCfg = Debug|Any CPU
		{BD8EB4EE-C8E3-4541-A019-DE375B237AAA}.Debug|Any CPU.Build.0 = Debug|Any CPU
		{BD8EB4EE-C8E3-4541-A019-DE375B237AAA}.Release|Any CPU.ActiveCfg = Release|Any CPU
		{BD8EB4EE-C8E3-4541-A019-DE375B237AAA}.Release|Any CPU.Build.0 = Release|Any CPU
		{354F9ABE-B81F-466E-9FDD-5C6B4D03FC7E}.Debug|Any CPU.ActiveCfg = Debug|Any CPU
		{354F9ABE-B81F-466E-9FDD-5C6B4D03FC7E}.Debug|Any CPU.Build.0 = Debug|Any CPU
		{354F9ABE-B81F-466E-9FDD-5C6B4D03FC7E}.Release|Any CPU.ActiveCfg = Release|Any CPU
		{354F9ABE-B81F-466E-9FDD-5C6B4D03FC7E}.Release|Any CPU.Build.0 = Release|Any CPU
		{6633CF4C-9D48-4E57-AFF2-571DC25DB1E9}.Debug|Any CPU.ActiveCfg = Debug|Any CPU
		{6633CF4C-9D48-4E57-AFF2-571DC25DB1E9}.Debug|Any CPU.Build.0 = Debug|Any CPU
		{6633CF4C-9D48-4E57-AFF2-571DC25DB1E9}.Release|Any CPU.ActiveCfg = Release|Any CPU
		{6633CF4C-9D48-4E57-AFF2-571DC25DB1E9}.Release|Any CPU.Build.0 = Release|Any CPU
		{2F8CB13E-3206-43A4-8D0E-A7EA7E0991FE}.Debug|Any CPU.ActiveCfg = Debug|Any CPU
		{2F8CB13E-3206-43A4-8D0E-A7EA7E0991FE}.Debug|Any CPU.Build.0 = Debug|Any CPU
		{2F8CB13E-3206-43A4-8D0E-A7EA7E0991FE}.Release|Any CPU.ActiveCfg = Release|Any CPU
		{2F8CB13E-3206-43A4-8D0E-A7EA7E0991FE}.Release|Any CPU.Build.0 = Release|Any CPU
		{8663355C-49F7-46CD-BCA6-BB9B702DF0BB}.Debug|Any CPU.ActiveCfg = Debug|Any CPU
		{8663355C-49F7-46CD-BCA6-BB9B702DF0BB}.Debug|Any CPU.Build.0 = Debug|Any CPU
		{8663355C-49F7-46CD-BCA6-BB9B702DF0BB}.Release|Any CPU.ActiveCfg = Release|Any CPU
		{8663355C-49F7-46CD-BCA6-BB9B702DF0BB}.Release|Any CPU.Build.0 = Release|Any CPU
		{1B8AD180-72DC-431B-9061-C0126FCA8418}.Debug|Any CPU.ActiveCfg = Debug|Any CPU
		{1B8AD180-72DC-431B-9061-C0126FCA8418}.Debug|Any CPU.Build.0 = Debug|Any CPU
		{1B8AD180-72DC-431B-9061-C0126FCA8418}.Release|Any CPU.ActiveCfg = Release|Any CPU
		{1B8AD180-72DC-431B-9061-C0126FCA8418}.Release|Any CPU.Build.0 = Release|Any CPU
		{57296A1C-005F-4EED-8C56-95A14414071F}.Debug|Any CPU.ActiveCfg = Debug|Any CPU
		{57296A1C-005F-4EED-8C56-95A14414071F}.Debug|Any CPU.Build.0 = Debug|Any CPU
		{57296A1C-005F-4EED-8C56-95A14414071F}.Release|Any CPU.ActiveCfg = Release|Any CPU
		{57296A1C-005F-4EED-8C56-95A14414071F}.Release|Any CPU.Build.0 = Release|Any CPU
		{C4379EA0-3EA4-47D2-964A-C2C0A8E87D23}.Debug|Any CPU.ActiveCfg = Debug|Any CPU
		{C4379EA0-3EA4-47D2-964A-C2C0A8E87D23}.Debug|Any CPU.Build.0 = Debug|Any CPU
		{C4379EA0-3EA4-47D2-964A-C2C0A8E87D23}.Release|Any CPU.ActiveCfg = Release|Any CPU
		{C4379EA0-3EA4-47D2-964A-C2C0A8E87D23}.Release|Any CPU.Build.0 = Release|Any CPU
		{5B0568FB-300E-4D56-98B2-FBE8F6435155}.Debug|Any CPU.ActiveCfg = Debug|Any CPU
		{5B0568FB-300E-4D56-98B2-FBE8F6435155}.Debug|Any CPU.Build.0 = Debug|Any CPU
		{5B0568FB-300E-4D56-98B2-FBE8F6435155}.Release|Any CPU.ActiveCfg = Release|Any CPU
		{5B0568FB-300E-4D56-98B2-FBE8F6435155}.Release|Any CPU.Build.0 = Release|Any CPU
		{31130BF4-E11C-4B39-82BD-0B0C8909ECB2}.Debug|Any CPU.ActiveCfg = Debug|Any CPU
		{31130BF4-E11C-4B39-82BD-0B0C8909ECB2}.Debug|Any CPU.Build.0 = Debug|Any CPU
		{31130BF4-E11C-4B39-82BD-0B0C8909ECB2}.Release|Any CPU.ActiveCfg = Release|Any CPU
		{31130BF4-E11C-4B39-82BD-0B0C8909ECB2}.Release|Any CPU.Build.0 = Release|Any CPU
		{8C5B7751-2364-4761-9125-DA479E44ACBC}.Debug|Any CPU.ActiveCfg = Debug|Any CPU
		{8C5B7751-2364-4761-9125-DA479E44ACBC}.Debug|Any CPU.Build.0 = Debug|Any CPU
		{8C5B7751-2364-4761-9125-DA479E44ACBC}.Release|Any CPU.ActiveCfg = Release|Any CPU
		{8C5B7751-2364-4761-9125-DA479E44ACBC}.Release|Any CPU.Build.0 = Release|Any CPU
	EndGlobalSection
	GlobalSection(SolutionProperties) = preSolution
		HideSolutionNode = FALSE
	EndGlobalSection
EndGlobal
